// !$*UTF8*$!
{
	archiveVersion = 1;
	classes = {
	};
	objectVersion = 51;
	objects = {

/* Begin PBXBuildFile section */
		C234E8362281D0310078FFF7 /* Cocoa.framework in Frameworks */ = {isa = PBXBuildFile; fileRef = C234E8352281D0310078FFF7 /* Cocoa.framework */; };
		C234E8382281D0340078FFF7 /* PreferencePanes.framework in Frameworks */ = {isa = PBXBuildFile; fileRef = C234E8372281D0340078FFF7 /* PreferencePanes.framework */; };
		C234E8BE22858FEB0078FFF7 /* ServiceManagement.framework in Frameworks */ = {isa = PBXBuildFile; fileRef = C234E8BD22858FEB0078FFF7 /* ServiceManagement.framework */; };
		C234E8E22285D4AA0078FFF7 /* Disk.icns in Resources */ = {isa = PBXBuildFile; fileRef = C234E8D52285D4AA0078FFF7 /* Disk.icns */; };
		C234E8E32285D4AA0078FFF7 /* Github.icns in Resources */ = {isa = PBXBuildFile; fileRef = C234E8D62285D4AA0078FFF7 /* Github.icns */; };
		C234E8E42285D4AA0078FFF7 /* Biosphere.icns in Resources */ = {isa = PBXBuildFile; fileRef = C234E8D72285D4AA0078FFF7 /* Biosphere.icns */; };
		C234E8E52285D4AA0078FFF7 /* Biosphere.xib in Resources */ = {isa = PBXBuildFile; fileRef = C234E8D92285D4AA0078FFF7 /* Biosphere.xib */; };
		C234E8E62285D4AB0078FFF7 /* InstallChef.xib in Resources */ = {isa = PBXBuildFile; fileRef = C234E8DA2285D4AA0078FFF7 /* InstallChef.xib */; };
		C234E8E72285D4AB0078FFF7 /* InstallGit.xib in Resources */ = {isa = PBXBuildFile; fileRef = C234E8DB2285D4AA0078FFF7 /* InstallGit.xib */; };
		C234E9302285E0480078FFF7 /* PathsTest.swift in Sources */ = {isa = PBXBuildFile; fileRef = C234E91F2285DF7C0078FFF7 /* PathsTest.swift */; };
		C234E9352285E2C90078FFF7 /* Log.swift in Sources */ = {isa = PBXBuildFile; fileRef = C234E8E92285D5580078FFF7 /* Log.swift */; };
		C234E9362285E2C90078FFF7 /* Paths.swift in Sources */ = {isa = PBXBuildFile; fileRef = C234E8EA2285D5580078FFF7 /* Paths.swift */; };
		C234E9382285E2CD0078FFF7 /* BiospherePane.swift in Sources */ = {isa = PBXBuildFile; fileRef = C234E8D22285D4AA0078FFF7 /* BiospherePane.swift */; };
		C234E93A2285E2D20078FFF7 /* GitController.swift in Sources */ = {isa = PBXBuildFile; fileRef = C234E8CF2285D4AA0078FFF7 /* GitController.swift */; };
		C234E93B2285E2D20078FFF7 /* OmnibusController.swift in Sources */ = {isa = PBXBuildFile; fileRef = C234E8D02285D4AA0078FFF7 /* OmnibusController.swift */; };
		C234E9402285FCD40078FFF7 /* AllowAutomation.xib in Resources */ = {isa = PBXBuildFile; fileRef = C234E93F2285FCD40078FFF7 /* AllowAutomation.xib */; };
		C234E9422285FCF20078FFF7 /* AutomationController.swift in Sources */ = {isa = PBXBuildFile; fileRef = C234E9412285FCF20078FFF7 /* AutomationController.swift */; };
		C234E9472285FF9F0078FFF7 /* Notifications.swift in Sources */ = {isa = PBXBuildFile; fileRef = C234E9462285FF9F0078FFF7 /* Notifications.swift */; };
/* End PBXBuildFile section */

/* Begin PBXCopyFilesBuildPhase section */
		C234E8B622858D350078FFF7 /* CopyFiles */ = {
			isa = PBXCopyFilesBuildPhase;
			buildActionMask = 2147483647;
			dstPath = Contents/Library/LaunchServices;
			dstSubfolderSpec = 1;
			files = (
			);
			runOnlyForDeploymentPostprocessing = 0;
		};
/* End PBXCopyFilesBuildPhase section */

/* Begin PBXFileReference section */
		C234E8222281CC260078FFF7 /* Biosphere.prefPane */ = {isa = PBXFileReference; explicitFileType = wrapper.cfbundle; includeInIndex = 0; path = Biosphere.prefPane; sourceTree = BUILT_PRODUCTS_DIR; };
		C234E8352281D0310078FFF7 /* Cocoa.framework */ = {isa = PBXFileReference; lastKnownFileType = wrapper.framework; name = Cocoa.framework; path = System/Library/Frameworks/Cocoa.framework; sourceTree = SDKROOT; };
		C234E8372281D0340078FFF7 /* PreferencePanes.framework */ = {isa = PBXFileReference; lastKnownFileType = wrapper.framework; name = PreferencePanes.framework; path = System/Library/Frameworks/PreferencePanes.framework; sourceTree = SDKROOT; };
		C234E8BD22858FEB0078FFF7 /* ServiceManagement.framework */ = {isa = PBXFileReference; lastKnownFileType = wrapper.framework; name = ServiceManagement.framework; path = System/Library/Frameworks/ServiceManagement.framework; sourceTree = SDKROOT; };
		C234E8CF2285D4AA0078FFF7 /* GitController.swift */ = {isa = PBXFileReference; fileEncoding = 4; lastKnownFileType = sourcecode.swift; path = GitController.swift; sourceTree = "<group>"; };
		C234E8D02285D4AA0078FFF7 /* OmnibusController.swift */ = {isa = PBXFileReference; fileEncoding = 4; lastKnownFileType = sourcecode.swift; path = OmnibusController.swift; sourceTree = "<group>"; };
		C234E8D22285D4AA0078FFF7 /* BiospherePane.swift */ = {isa = PBXFileReference; fileEncoding = 4; lastKnownFileType = sourcecode.swift; path = BiospherePane.swift; sourceTree = "<group>"; };
		C234E8D32285D4AA0078FFF7 /* Info.plist */ = {isa = PBXFileReference; fileEncoding = 4; lastKnownFileType = text.plist.xml; path = Info.plist; sourceTree = "<group>"; };
		C234E8D52285D4AA0078FFF7 /* Disk.icns */ = {isa = PBXFileReference; lastKnownFileType = image.icns; path = Disk.icns; sourceTree = "<group>"; };
		C234E8D62285D4AA0078FFF7 /* Github.icns */ = {isa = PBXFileReference; lastKnownFileType = image.icns; path = Github.icns; sourceTree = "<group>"; };
		C234E8D72285D4AA0078FFF7 /* Biosphere.icns */ = {isa = PBXFileReference; lastKnownFileType = image.icns; path = Biosphere.icns; sourceTree = "<group>"; };
		C234E8D92285D4AA0078FFF7 /* Biosphere.xib */ = {isa = PBXFileReference; fileEncoding = 4; lastKnownFileType = file.xib; path = Biosphere.xib; sourceTree = "<group>"; };
		C234E8DA2285D4AA0078FFF7 /* InstallChef.xib */ = {isa = PBXFileReference; fileEncoding = 4; lastKnownFileType = file.xib; path = InstallChef.xib; sourceTree = "<group>"; };
		C234E8DB2285D4AA0078FFF7 /* InstallGit.xib */ = {isa = PBXFileReference; fileEncoding = 4; lastKnownFileType = file.xib; path = InstallGit.xib; sourceTree = "<group>"; };
		C234E8E92285D5580078FFF7 /* Log.swift */ = {isa = PBXFileReference; fileEncoding = 4; lastKnownFileType = sourcecode.swift; path = Log.swift; sourceTree = "<group>"; };
		C234E8EA2285D5580078FFF7 /* Paths.swift */ = {isa = PBXFileReference; fileEncoding = 4; lastKnownFileType = sourcecode.swift; path = Paths.swift; sourceTree = "<group>"; };
		C234E9152285DB330078FFF7 /* XCTest.framework */ = {isa = PBXFileReference; lastKnownFileType = wrapper.framework; name = XCTest.framework; path = Platforms/MacOSX.platform/Developer/Library/Frameworks/XCTest.framework; sourceTree = DEVELOPER_DIR; };
		C234E91D2285DF7C0078FFF7 /* BiosphereTests-Bridging-Header.h */ = {isa = PBXFileReference; lastKnownFileType = sourcecode.c.h; path = "BiosphereTests-Bridging-Header.h"; sourceTree = "<group>"; };
		C234E91F2285DF7C0078FFF7 /* PathsTest.swift */ = {isa = PBXFileReference; fileEncoding = 4; lastKnownFileType = sourcecode.swift; path = PathsTest.swift; sourceTree = "<group>"; };
		C234E9262285DFA20078FFF7 /* BiosphereTests.xctest */ = {isa = PBXFileReference; explicitFileType = wrapper.cfbundle; includeInIndex = 0; path = BiosphereTests.xctest; sourceTree = BUILT_PRODUCTS_DIR; };
		C234E92E2285DFCE0078FFF7 /* Info.plist */ = {isa = PBXFileReference; fileEncoding = 4; lastKnownFileType = text.plist.xml; path = Info.plist; sourceTree = "<group>"; };
		C234E93F2285FCD40078FFF7 /* AllowAutomation.xib */ = {isa = PBXFileReference; lastKnownFileType = file.xib; path = AllowAutomation.xib; sourceTree = "<group>"; };
		C234E9412285FCF20078FFF7 /* AutomationController.swift */ = {isa = PBXFileReference; lastKnownFileType = sourcecode.swift; path = AutomationController.swift; sourceTree = "<group>"; };
		C234E9462285FF9F0078FFF7 /* Notifications.swift */ = {isa = PBXFileReference; fileEncoding = 4; lastKnownFileType = sourcecode.swift; path = Notifications.swift; sourceTree = "<group>"; };
/* End PBXFileReference section */

/* Begin PBXFrameworksBuildPhase section */
		C234E81F2281CC260078FFF7 /* Frameworks */ = {
			isa = PBXFrameworksBuildPhase;
			buildActionMask = 2147483647;
			files = (
				C234E8BE22858FEB0078FFF7 /* ServiceManagement.framework in Frameworks */,
				C234E8382281D0340078FFF7 /* PreferencePanes.framework in Frameworks */,
				C234E8362281D0310078FFF7 /* Cocoa.framework in Frameworks */,
			);
			runOnlyForDeploymentPostprocessing = 0;
		};
		C234E9232285DFA20078FFF7 /* Frameworks */ = {
			isa = PBXFrameworksBuildPhase;
			buildActionMask = 2147483647;
			files = (
			);
			runOnlyForDeploymentPostprocessing = 0;
		};
/* End PBXFrameworksBuildPhase section */

/* Begin PBXGroup section */
		C234E8182281CC250078FFF7 = {
			isa = PBXGroup;
			children = (
				C234E8CB2285D4AA0078FFF7 /* Biosphere */,
				C234E91A2285DF090078FFF7 /* BiosphereTests */,
				C234E8342281D0310078FFF7 /* Frameworks */,
				C234E8232281CC260078FFF7 /* Products */,
			);
			sourceTree = "<group>";
		};
		C234E8232281CC260078FFF7 /* Products */ = {
			isa = PBXGroup;
			children = (
				C234E8222281CC260078FFF7 /* Biosphere.prefPane */,
				C234E9262285DFA20078FFF7 /* BiosphereTests.xctest */,
			);
			name = Products;
			sourceTree = "<group>";
		};
		C234E8342281D0310078FFF7 /* Frameworks */ = {
			isa = PBXGroup;
			children = (
				C234E9152285DB330078FFF7 /* XCTest.framework */,
				C234E8BD22858FEB0078FFF7 /* ServiceManagement.framework */,
				C234E8372281D0340078FFF7 /* PreferencePanes.framework */,
				C234E8352281D0310078FFF7 /* Cocoa.framework */,
			);
			name = Frameworks;
			sourceTree = "<group>";
		};
		C234E8CB2285D4AA0078FFF7 /* Biosphere */ = {
			isa = PBXGroup;
			children = (
				C234E8D22285D4AA0078FFF7 /* BiospherePane.swift */,
				C234E8CD2285D4AA0078FFF7 /* Controllers */,
				C234E93E2285F4FF0078FFF7 /* Support */,
				C234E8D82285D4AA0078FFF7 /* Views */,
				C234E8CC2285D4AA0078FFF7 /* Config */,
				C234E8D42285D4AA0078FFF7 /* Images */,
			);
			path = Biosphere;
			sourceTree = "<group>";
		};
		C234E8CC2285D4AA0078FFF7 /* Config */ = {
			isa = PBXGroup;
			children = (
				C234E8D32285D4AA0078FFF7 /* Info.plist */,
			);
			path = Config;
			sourceTree = "<group>";
		};
		C234E8CD2285D4AA0078FFF7 /* Controllers */ = {
			isa = PBXGroup;
			children = (
				C234E8D02285D4AA0078FFF7 /* OmnibusController.swift */,
				C234E8CF2285D4AA0078FFF7 /* GitController.swift */,
				C234E9412285FCF20078FFF7 /* AutomationController.swift */,
			);
			path = Controllers;
			sourceTree = "<group>";
		};
		C234E8D42285D4AA0078FFF7 /* Images */ = {
			isa = PBXGroup;
			children = (
				C234E8D52285D4AA0078FFF7 /* Disk.icns */,
				C234E8D62285D4AA0078FFF7 /* Github.icns */,
				C234E8D72285D4AA0078FFF7 /* Biosphere.icns */,
			);
			path = Images;
			sourceTree = "<group>";
		};
		C234E8D82285D4AA0078FFF7 /* Views */ = {
			isa = PBXGroup;
			children = (
				C234E8D92285D4AA0078FFF7 /* Biosphere.xib */,
				C234E8DA2285D4AA0078FFF7 /* InstallChef.xib */,
				C234E8DB2285D4AA0078FFF7 /* InstallGit.xib */,
				C234E93F2285FCD40078FFF7 /* AllowAutomation.xib */,
			);
			path = Views;
			sourceTree = "<group>";
		};
		C234E91A2285DF090078FFF7 /* BiosphereTests */ = {
			isa = PBXGroup;
			children = (
				C234E91F2285DF7C0078FFF7 /* PathsTest.swift */,
				C234E91D2285DF7C0078FFF7 /* BiosphereTests-Bridging-Header.h */,
				C234E92E2285DFCE0078FFF7 /* Info.plist */,
			);
			path = BiosphereTests;
			sourceTree = "<group>";
		};
		C234E93E2285F4FF0078FFF7 /* Support */ = {
			isa = PBXGroup;
			children = (
				C234E8E92285D5580078FFF7 /* Log.swift */,
				C234E8EA2285D5580078FFF7 /* Paths.swift */,
				C234E9462285FF9F0078FFF7 /* Notifications.swift */,
			);
			path = Support;
			sourceTree = "<group>";
		};
/* End PBXGroup section */

/* Begin PBXHeadersBuildPhase section */
		C234E81D2281CC260078FFF7 /* Headers */ = {
			isa = PBXHeadersBuildPhase;
			buildActionMask = 2147483647;
			files = (
			);
			runOnlyForDeploymentPostprocessing = 0;
		};
/* End PBXHeadersBuildPhase section */

/* Begin PBXNativeTarget section */
		C234E8212281CC260078FFF7 /* Biosphere */ = {
			isa = PBXNativeTarget;
			buildConfigurationList = C234E8312281CC260078FFF7 /* Build configuration list for PBXNativeTarget "Biosphere" */;
			buildPhases = (
				C234E81D2281CC260078FFF7 /* Headers */,
				C234E81E2281CC260078FFF7 /* Sources */,
				C234E81F2281CC260078FFF7 /* Frameworks */,
				C234E8202281CC260078FFF7 /* Resources */,
				C234E8B622858D350078FFF7 /* CopyFiles */,
			);
			buildRules = (
			);
			dependencies = (
			);
			name = Biosphere;
			productName = Biosphere;
			productReference = C234E8222281CC260078FFF7 /* Biosphere.prefPane */;
			productType = "com.apple.product-type.bundle";
		};
		C234E9252285DFA20078FFF7 /* BiosphereTests */ = {
			isa = PBXNativeTarget;
			buildConfigurationList = C234E92B2285DFA20078FFF7 /* Build configuration list for PBXNativeTarget "BiosphereTests" */;
			buildPhases = (
				C234E9222285DFA20078FFF7 /* Sources */,
				C234E9232285DFA20078FFF7 /* Frameworks */,
				C234E9242285DFA20078FFF7 /* Resources */,
			);
			buildRules = (
			);
			dependencies = (
			);
			name = BiosphereTests;
			productName = BiosphereTests;
			productReference = C234E9262285DFA20078FFF7 /* BiosphereTests.xctest */;
			productType = "com.apple.product-type.bundle.unit-test";
		};
/* End PBXNativeTarget section */

/* Begin PBXProject section */
		C234E8192281CC250078FFF7 /* Project object */ = {
			isa = PBXProject;
			attributes = {
				LastSwiftUpdateCheck = 1020;
				LastUpgradeCheck = 1020;
				ORGANIZATIONNAME = halo;
				TargetAttributes = {
					C234E8212281CC260078FFF7 = {
						CreatedOnToolsVersion = 10.2.1;
						LastSwiftMigration = 1020;
					};
					C234E9252285DFA20078FFF7 = {
						CreatedOnToolsVersion = 10.2.1;
					};
				};
			};
			buildConfigurationList = C234E81C2281CC250078FFF7 /* Build configuration list for PBXProject "Biosphere" */;
			compatibilityVersion = "Xcode 10.0";
			developmentRegion = en;
			hasScannedForEncodings = 0;
			knownRegions = (
				en,
				Base,
			);
			mainGroup = C234E8182281CC250078FFF7;
			productRefGroup = C234E8232281CC260078FFF7 /* Products */;
			projectDirPath = "";
			projectRoot = "";
			targets = (
				C234E8212281CC260078FFF7 /* Biosphere */,
				C234E9252285DFA20078FFF7 /* BiosphereTests */,
			);
		};
/* End PBXProject section */

/* Begin PBXResourcesBuildPhase section */
		C234E8202281CC260078FFF7 /* Resources */ = {
			isa = PBXResourcesBuildPhase;
			buildActionMask = 2147483647;
			files = (
				C234E8E72285D4AB0078FFF7 /* InstallGit.xib in Resources */,
				C234E8E32285D4AA0078FFF7 /* Github.icns in Resources */,
				C234E8E42285D4AA0078FFF7 /* Biosphere.icns in Resources */,
				C234E8E22285D4AA0078FFF7 /* Disk.icns in Resources */,
				C234E8E52285D4AA0078FFF7 /* Biosphere.xib in Resources */,
				C234E9402285FCD40078FFF7 /* AllowAutomation.xib in Resources */,
				C234E8E62285D4AB0078FFF7 /* InstallChef.xib in Resources */,
			);
			runOnlyForDeploymentPostprocessing = 0;
		};
		C234E9242285DFA20078FFF7 /* Resources */ = {
			isa = PBXResourcesBuildPhase;
			buildActionMask = 2147483647;
			files = (
			);
			runOnlyForDeploymentPostprocessing = 0;
		};
/* End PBXResourcesBuildPhase section */

/* Begin PBXSourcesBuildPhase section */
		C234E81E2281CC260078FFF7 /* Sources */ = {
			isa = PBXSourcesBuildPhase;
			buildActionMask = 2147483647;
			files = (
				C234E9472285FF9F0078FFF7 /* Notifications.swift in Sources */,
				C234E9382285E2CD0078FFF7 /* BiospherePane.swift in Sources */,
				C234E9352285E2C90078FFF7 /* Log.swift in Sources */,
				C234E9362285E2C90078FFF7 /* Paths.swift in Sources */,
				C234E9422285FCF20078FFF7 /* AutomationController.swift in Sources */,
				C234E93A2285E2D20078FFF7 /* GitController.swift in Sources */,
				C234E93B2285E2D20078FFF7 /* OmnibusController.swift in Sources */,
			);
			runOnlyForDeploymentPostprocessing = 0;
		};
		C234E9222285DFA20078FFF7 /* Sources */ = {
			isa = PBXSourcesBuildPhase;
			buildActionMask = 2147483647;
			files = (
				C234E9302285E0480078FFF7 /* PathsTest.swift in Sources */,
			);
			runOnlyForDeploymentPostprocessing = 0;
		};
/* End PBXSourcesBuildPhase section */

/* Begin XCBuildConfiguration section */
		C234E82F2281CC260078FFF7 /* Debug */ = {
			isa = XCBuildConfiguration;
			buildSettings = {
				ALWAYS_SEARCH_USER_PATHS = NO;
				CLANG_ANALYZER_NONNULL = YES;
				CLANG_ANALYZER_NUMBER_OBJECT_CONVERSION = YES_AGGRESSIVE;
				CLANG_CXX_LANGUAGE_STANDARD = "gnu++14";
				CLANG_CXX_LIBRARY = "libc++";
				CLANG_ENABLE_MODULES = YES;
				CLANG_ENABLE_OBJC_ARC = YES;
				CLANG_ENABLE_OBJC_WEAK = YES;
				CLANG_WARN_BLOCK_CAPTURE_AUTORELEASING = YES;
				CLANG_WARN_BOOL_CONVERSION = YES;
				CLANG_WARN_COMMA = YES;
				CLANG_WARN_CONSTANT_CONVERSION = YES;
				CLANG_WARN_DEPRECATED_OBJC_IMPLEMENTATIONS = YES;
				CLANG_WARN_DIRECT_OBJC_ISA_USAGE = YES_ERROR;
				CLANG_WARN_DOCUMENTATION_COMMENTS = YES;
				CLANG_WARN_EMPTY_BODY = YES;
				CLANG_WARN_ENUM_CONVERSION = YES;
				CLANG_WARN_INFINITE_RECURSION = YES;
				CLANG_WARN_INT_CONVERSION = YES;
				CLANG_WARN_NON_LITERAL_NULL_CONVERSION = YES;
				CLANG_WARN_OBJC_IMPLICIT_RETAIN_SELF = YES;
				CLANG_WARN_OBJC_LITERAL_CONVERSION = YES;
				CLANG_WARN_OBJC_ROOT_CLASS = YES_ERROR;
				CLANG_WARN_RANGE_LOOP_ANALYSIS = YES;
				CLANG_WARN_STRICT_PROTOTYPES = YES;
				CLANG_WARN_SUSPICIOUS_MOVE = YES;
				CLANG_WARN_UNGUARDED_AVAILABILITY = YES_AGGRESSIVE;
				CLANG_WARN_UNREACHABLE_CODE = YES;
				CLANG_WARN__DUPLICATE_METHOD_MATCH = YES;
				CODE_SIGN_IDENTITY = "Mac Developer";
				COPY_PHASE_STRIP = NO;
				DEBUG_INFORMATION_FORMAT = dwarf;
				ENABLE_STRICT_OBJC_MSGSEND = YES;
				ENABLE_TESTABILITY = YES;
				GCC_C_LANGUAGE_STANDARD = gnu11;
				GCC_DYNAMIC_NO_PIC = NO;
				GCC_NO_COMMON_BLOCKS = YES;
				GCC_OPTIMIZATION_LEVEL = 0;
				GCC_PREPROCESSOR_DEFINITIONS = (
					"DEBUG=1",
					"$(inherited)",
				);
				GCC_WARN_64_TO_32_BIT_CONVERSION = YES;
				GCC_WARN_ABOUT_RETURN_TYPE = YES_ERROR;
				GCC_WARN_UNDECLARED_SELECTOR = YES;
				GCC_WARN_UNINITIALIZED_AUTOS = YES_AGGRESSIVE;
				GCC_WARN_UNUSED_FUNCTION = YES;
				GCC_WARN_UNUSED_VARIABLE = YES;
				MACOSX_DEPLOYMENT_TARGET = 10.13;
				MTL_ENABLE_DEBUG_INFO = INCLUDE_SOURCE;
				MTL_FAST_MATH = YES;
				ONLY_ACTIVE_ARCH = YES;
				SDKROOT = macosx;
				SWIFT_OBJC_BRIDGING_HEADER = "";
			};
			name = Debug;
		};
		C234E8302281CC260078FFF7 /* Release */ = {
			isa = XCBuildConfiguration;
			buildSettings = {
				ALWAYS_SEARCH_USER_PATHS = NO;
				CLANG_ANALYZER_NONNULL = YES;
				CLANG_ANALYZER_NUMBER_OBJECT_CONVERSION = YES_AGGRESSIVE;
				CLANG_CXX_LANGUAGE_STANDARD = "gnu++14";
				CLANG_CXX_LIBRARY = "libc++";
				CLANG_ENABLE_MODULES = YES;
				CLANG_ENABLE_OBJC_ARC = YES;
				CLANG_ENABLE_OBJC_WEAK = YES;
				CLANG_WARN_BLOCK_CAPTURE_AUTORELEASING = YES;
				CLANG_WARN_BOOL_CONVERSION = YES;
				CLANG_WARN_COMMA = YES;
				CLANG_WARN_CONSTANT_CONVERSION = YES;
				CLANG_WARN_DEPRECATED_OBJC_IMPLEMENTATIONS = YES;
				CLANG_WARN_DIRECT_OBJC_ISA_USAGE = YES_ERROR;
				CLANG_WARN_DOCUMENTATION_COMMENTS = YES;
				CLANG_WARN_EMPTY_BODY = YES;
				CLANG_WARN_ENUM_CONVERSION = YES;
				CLANG_WARN_INFINITE_RECURSION = YES;
				CLANG_WARN_INT_CONVERSION = YES;
				CLANG_WARN_NON_LITERAL_NULL_CONVERSION = YES;
				CLANG_WARN_OBJC_IMPLICIT_RETAIN_SELF = YES;
				CLANG_WARN_OBJC_LITERAL_CONVERSION = YES;
				CLANG_WARN_OBJC_ROOT_CLASS = YES_ERROR;
				CLANG_WARN_RANGE_LOOP_ANALYSIS = YES;
				CLANG_WARN_STRICT_PROTOTYPES = YES;
				CLANG_WARN_SUSPICIOUS_MOVE = YES;
				CLANG_WARN_UNGUARDED_AVAILABILITY = YES_AGGRESSIVE;
				CLANG_WARN_UNREACHABLE_CODE = YES;
				CLANG_WARN__DUPLICATE_METHOD_MATCH = YES;
				CODE_SIGN_IDENTITY = "Mac Developer";
				COPY_PHASE_STRIP = NO;
				DEBUG_INFORMATION_FORMAT = "dwarf-with-dsym";
				ENABLE_NS_ASSERTIONS = NO;
				ENABLE_STRICT_OBJC_MSGSEND = YES;
				GCC_C_LANGUAGE_STANDARD = gnu11;
				GCC_NO_COMMON_BLOCKS = YES;
				GCC_WARN_64_TO_32_BIT_CONVERSION = YES;
				GCC_WARN_ABOUT_RETURN_TYPE = YES_ERROR;
				GCC_WARN_UNDECLARED_SELECTOR = YES;
				GCC_WARN_UNINITIALIZED_AUTOS = YES_AGGRESSIVE;
				GCC_WARN_UNUSED_FUNCTION = YES;
				GCC_WARN_UNUSED_VARIABLE = YES;
				MACOSX_DEPLOYMENT_TARGET = 10.13;
				MTL_ENABLE_DEBUG_INFO = NO;
				MTL_FAST_MATH = YES;
				SDKROOT = macosx;
				SWIFT_OBJC_BRIDGING_HEADER = "";
			};
			name = Release;
		};
		C234E8322281CC260078FFF7 /* Debug */ = {
			isa = XCBuildConfiguration;
			buildSettings = {
				ALWAYS_EMBED_SWIFT_STANDARD_LIBRARIES = YES;
				CLANG_ENABLE_MODULES = YES;
				CODE_SIGN_IDENTITY = "Mac Developer";
				CODE_SIGN_STYLE = Manual;
				COMBINE_HIDPI_IMAGES = YES;
				DEVELOPMENT_TEAM = B9J4QR64LK;
				INFOPLIST_FILE = "$(SRCROOT)/Biosphere/Config/Info.plist";
				INSTALL_PATH = "$(HOME)/Library/PreferencePanes";
				LD_RUNPATH_SEARCH_PATHS = (
					"$(inherited)",
					"@executable_path/../Frameworks",
					"@loader_path/../Frameworks",
				);
				PRODUCT_BUNDLE_IDENTIFIER = io.github.halo.Biosphere;
				PRODUCT_NAME = "$(TARGET_NAME)";
				PROVISIONING_PROFILE_SPECIFIER = "";
				SWIFT_OBJC_BRIDGING_HEADER = "Biosphere-Bridging-Header.h";
				SWIFT_OPTIMIZATION_LEVEL = "-Onone";
				SWIFT_VERSION = 5.0;
				WRAPPER_EXTENSION = prefPane;
			};
			name = Debug;
		};
		C234E8332281CC260078FFF7 /* Release */ = {
			isa = XCBuildConfiguration;
			buildSettings = {
				ALWAYS_EMBED_SWIFT_STANDARD_LIBRARIES = YES;
				CLANG_ENABLE_MODULES = YES;
				CODE_SIGN_IDENTITY = "Mac Developer";
				CODE_SIGN_STYLE = Manual;
				COMBINE_HIDPI_IMAGES = YES;
				DEVELOPMENT_TEAM = B9J4QR64LK;
				INFOPLIST_FILE = "$(SRCROOT)/Biosphere/Config/Info.plist";
				INSTALL_PATH = "$(HOME)/Library/PreferencePanes";
				LD_RUNPATH_SEARCH_PATHS = (
					"$(inherited)",
					"@executable_path/../Frameworks",
					"@loader_path/../Frameworks",
				);
				PRODUCT_BUNDLE_IDENTIFIER = io.github.halo.Biosphere;
				PRODUCT_NAME = "$(TARGET_NAME)";
				PROVISIONING_PROFILE_SPECIFIER = "";
				SWIFT_OBJC_BRIDGING_HEADER = "Biosphere-Bridging-Header.h";
				SWIFT_VERSION = 5.0;
				WRAPPER_EXTENSION = prefPane;
			};
			name = Release;
		};
		C234E92C2285DFA20078FFF7 /* Debug */ = {
			isa = XCBuildConfiguration;
			buildSettings = {
				CODE_SIGN_STYLE = Automatic;
				COMBINE_HIDPI_IMAGES = YES;
				DEVELOPMENT_TEAM = B9J4QR64LK;
				INFOPLIST_FILE = BiosphereTests/Info.plist;
				LD_RUNPATH_SEARCH_PATHS = (
					"$(inherited)",
					"@executable_path/../Frameworks",
					"@loader_path/../Frameworks",
				);
				MACOSX_DEPLOYMENT_TARGET = 10.14;
				PRODUCT_BUNDLE_IDENTIFIER = io.github.halo.BiosphereTests;
				PRODUCT_NAME = "$(TARGET_NAME)";
				SWIFT_ACTIVE_COMPILATION_CONDITIONS = DEBUG;
				SWIFT_OPTIMIZATION_LEVEL = "-Onone";
				SWIFT_VERSION = 5.0;
			};
			name = Debug;
		};
		C234E92D2285DFA20078FFF7 /* Release */ = {
			isa = XCBuildConfiguration;
			buildSettings = {
				CODE_SIGN_STYLE = Automatic;
				COMBINE_HIDPI_IMAGES = YES;
				DEVELOPMENT_TEAM = B9J4QR64LK;
				INFOPLIST_FILE = BiosphereTests/Info.plist;
				LD_RUNPATH_SEARCH_PATHS = (
					"$(inherited)",
					"@executable_path/../Frameworks",
					"@loader_path/../Frameworks",
				);
				MACOSX_DEPLOYMENT_TARGET = 10.14;
				PRODUCT_BUNDLE_IDENTIFIER = io.github.halo.BiosphereTests;
				PRODUCT_NAME = "$(TARGET_NAME)";
				SWIFT_COMPILATION_MODE = wholemodule;
				SWIFT_OPTIMIZATION_LEVEL = "-O";
				SWIFT_VERSION = 5.0;
			};
			name = Release;
		};
/* End XCBuildConfiguration section */

/* Begin XCConfigurationList section */
		C234E81C2281CC250078FFF7 /* Build configuration list for PBXProject "Biosphere" */ = {
			isa = XCConfigurationList;
			buildConfigurations = (
				C234E82F2281CC260078FFF7 /* Debug */,
				C234E8302281CC260078FFF7 /* Release */,
			);
			defaultConfigurationIsVisible = 0;
			defaultConfigurationName = Release;
		};
		C234E8312281CC260078FFF7 /* Build configuration list for PBXNativeTarget "Biosphere" */ = {
			isa = XCConfigurationList;
			buildConfigurations = (
				C234E8322281CC260078FFF7 /* Debug */,
				C234E8332281CC260078FFF7 /* Release */,
			);
			defaultConfigurationIsVisible = 0;
			defaultConfigurationName = Release;
		};
		C234E92B2285DFA20078FFF7 /* Build configuration list for PBXNativeTarget "BiosphereTests" */ = {
			isa = XCConfigurationList;
			buildConfigurations = (
				C234E92C2285DFA20078FFF7 /* Debug */,
				C234E92D2285DFA20078FFF7 /* Release */,
			);
			defaultConfigurationIsVisible = 0;
			defaultConfigurationName = Release;
		};
/* End XCConfigurationList section */
	};
	rootObject = C234E8192281CC250078FFF7 /* Project object */;
}
