<?xml version="1.0" encoding="UTF-8"?>
<Scheme
   LastUpgradeVersion = "1020"
   version = "2.0">
   <BuildAction
      parallelizeBuildables = "YES"
      buildImplicitDependencies = "YES">
      <BuildActionEntries>
         <BuildActionEntry
            buildForTesting = "YES"
            buildForRunning = "YES"
            buildForProfiling = "YES"
            buildForArchiving = "YES"
            buildForAnalyzing = "YES">
            <BuildableReference
               BuildableIdentifier = "primary"
               BlueprintIdentifier = "C234E8212281CC260078FFF7"
               BuildableName = "Biosphere.prefPane"
               BlueprintName = "Biosphere"
               ReferencedContainer = "container:Biosphere.xcodeproj">
            </BuildableReference>
         </BuildActionEntry>
      </BuildActionEntries>
   </BuildAction>
   <TestAction
      buildConfiguration = "Debug"
      selectedDebuggerIdentifier = "Xcode.DebuggerFoundation.Debugger.LLDB"
      selectedLauncherIdentifier = "Xcode.DebuggerFoundation.Launcher.LLDB"
      shouldUseLaunchSchemeArgsEnv = "YES">
      <Testables>
         <TestableReference
            skipped = "NO">
            <BuildableReference
               BuildableIdentifier = "primary"
               BlueprintIdentifier = "C234E9032285D92A0078FFF7"
               BuildableName = "BiosphereTests.xctest"
               BlueprintName = "BiosphereTests"
               ReferencedContainer = "container:Biosphere.xcodeproj">
            </BuildableReference>
         </TestableReference>
      </Testables>
      <MacroExpansion>
         <BuildableReference
            BuildableIdentifier = "primary"
            BlueprintIdentifier = "C234E8212281CC260078FFF7"
            BuildableName = "Biosphere.prefPane"
            BlueprintName = "Biosphere"
            ReferencedContainer = "container:Biosphere.xcodeproj">
         </BuildableReference>
      </MacroExpansion>
      <AdditionalOptions>
      </AdditionalOptions>
   </TestAction>
   <LaunchAction
      buildConfiguration = "Debug"
      selectedDebuggerIdentifier = ""
      selectedLauncherIdentifier = "Xcode.IDEFoundation.Launcher.PosixSpawn"
      launchStyle = "0"
      useCustomWorkingDirectory = "NO"
      ignoresPersistentStateOnLaunch = "NO"
      debugDocumentVersioning = "YES"
      debugXPCServices = "NO"
      debugServiceExtension = "internal"
      allowLocationSimulation = "YES">
      <PreActions>
         <ExecutionAction
            ActionType = "Xcode.IDEStandardExecutionActionsCore.ExecutionActionType.ShellScriptAction">
            <ActionContent
               title = "Run Script"
               scriptText = "# Moving the preference pane into this directory prevents&#10;# the &quot;already installed&quot;-warning message when starting System Preferences&#10;# (Hardcoding the app name to avoid accidental missing variable interpolation) &#10;cp -a &quot;$TARGET_BUILD_DIR/Biosphere.prefPane&quot; &quot;$USER_LIBRARY_DIR/PreferencePanes&quot;&#10;">
               <EnvironmentBuildable>
                  <BuildableReference
                     BuildableIdentifier = "primary"
                     BlueprintIdentifier = "C234E8212281CC260078FFF7"
                     BuildableName = "Biosphere.prefPane"
                     BlueprintName = "Biosphere"
                     ReferencedContainer = "container:Biosphere.xcodeproj">
                  </BuildableReference>
               </EnvironmentBuildable>
            </ActionContent>
         </ExecutionAction>
      </PreActions>
      <PostActions>
         <ExecutionAction
            ActionType = "Xcode.IDEStandardExecutionActionsCore.ExecutionActionType.ShellScriptAction">
            <ActionContent
               title = "Run Script"
               scriptText = "# System Preferences appears to strongly cache this.&#10;# Removing it ensures that it is properly picked up on the next run.&#10;# rm &quot;$USER_LIBRARY_DIR/PreferencePanes/Biosphere.prefPane&quot;&#10;">
               <EnvironmentBuildable>
                  <BuildableReference
                     BuildableIdentifier = "primary"
                     BlueprintIdentifier = "C234E8212281CC260078FFF7"
                     BuildableName = "Biosphere.prefPane"
                     BlueprintName = "Biosphere"
                     ReferencedContainer = "container:Biosphere.xcodeproj">
                  </BuildableReference>
               </EnvironmentBuildable>
            </ActionContent>
         </ExecutionAction>
      </PostActions>
      <PathRunnable
         runnableDebuggingMode = "0"
         BundleIdentifier = "com.apple.systempreferences"
         FilePath = "/Applications/System Preferences.app">
      </PathRunnable>
      <MacroExpansion>
         <BuildableReference
            BuildableIdentifier = "primary"
            BlueprintIdentifier = "C234E8212281CC260078FFF7"
            BuildableName = "Biosphere.prefPane"
            BlueprintName = "Biosphere"
            ReferencedContainer = "container:Biosphere.xcodeproj">
         </BuildableReference>
      </MacroExpansion>
      <CommandLineArguments>
         <CommandLineArgument
            argument = "~/Library/PreferencePanes/Biosphere.prefPane"
            isEnabled = "YES">
         </CommandLineArgument>
      </CommandLineArguments>
      <AdditionalOptions>
      </AdditionalOptions>
   </LaunchAction>
   <ProfileAction
      buildConfiguration = "Release"
      shouldUseLaunchSchemeArgsEnv = "YES"
      savedToolIdentifier = ""
      useCustomWorkingDirectory = "NO"
      debugDocumentVersioning = "YES">
      <MacroExpansion>
         <BuildableReference
            BuildableIdentifier = "primary"
            BlueprintIdentifier = "C234E8212281CC260078FFF7"
            BuildableName = "Biosphere.prefPane"
            BlueprintName = "Biosphere"
            ReferencedContainer = "container:Biosphere.xcodeproj">
         </BuildableReference>
      </MacroExpansion>
   </ProfileAction>
   <AnalyzeAction
      buildConfiguration = "Debug">
   </AnalyzeAction>
   <ArchiveAction
      buildConfiguration = "Release"
      revealArchiveInOrganizer = "YES">
   </ArchiveAction>
</Scheme>
